Microsoft Visual Studio Solution File, Format Version 11.00
# Visual Studio 2008

Project("{C022AD47-2DC4-AAFC-76E4-6ECA3BC706EF}") = "Whacktopus", "Assembly-CSharp.csproj", "{578AF210-110C-4E5D-E5D3-2E152227E2F6}"
EndProject
Project("{C022AD47-2DC4-AAFC-76E4-6ECA3BC706EF}") = "Whacktopus", "Assembly-UnityScript.unityproj", "{B2EC18E6-FFA2-8486-ACA1-59B70B9624C5}"
EndProject
Global
	GlobalSection(SolutionConfigurationPlatforms) = preSolution
		Debug|Any CPU = Debug|Any CPU
		Release|Any CPU = Release|Any CPU
	EndGlobalSection
	GlobalSection(ProjectConfigurationPlatforms) = postSolution
		{578AF210-110C-4E5D-E5D3-2E152227E2F6}.Debug|Any CPU.ActiveCfg = Debug|Any CPU
		{578AF210-110C-4E5D-E5D3-2E152227E2F6}.Debug|Any CPU.Build.0 = Debug|Any CPU
		{578AF210-110C-4E5D-E5D3-2E152227E2F6}.Release|Any CPU.ActiveCfg = Release|Any CPU
		{578AF210-110C-4E5D-E5D3-2E152227E2F6}.Release|Any CPU.Build.0 = Release|Any CPU
		{B2EC18E6-FFA2-8486-ACA1-59B70B9624C5}.Debug|Any CPU.ActiveCfg = Debug|Any CPU
		{B2EC18E6-FFA2-8486-ACA1-59B70B9624C5}.Debug|Any CPU.Build.0 = Debug|Any CPU
		{B2EC18E6-FFA2-8486-ACA1-59B70B9624C5}.Release|Any CPU.ActiveCfg = Release|Any CPU
		{B2EC18E6-FFA2-8486-ACA1-59B70B9624C5}.Release|Any CPU.Build.0 = Release|Any CPU
	EndGlobalSection
	GlobalSection(SolutionProperties) = preSolution
		HideSolutionNode = FALSE
	EndGlobalSection
				GlobalSection(MonoDevelopProperties) = preSolution
		StartupItem = Assembly-CSharp.csproj
		Policies = $0
		$0.TextStylePolicy = $1
		$1.inheritsSet = null
		$1.scope = text/x-csharp
		$0.CSharpFormattingPolicy = $2
		$2.inheritsSet = Mono
		$2.inheritsScope = text/x-csharp
		$2.scope = text/x-csharp
		$0.TextStylePolicy = $3
		$3.FileWidth = 120
		$3.TabWidth = 4
		$3.IndentWidth = 4
		$3.EolMarker = Unix
		$3.inheritsSet = Mono
		$3.inheritsScope = text/plain
		$3.scope = text/plain
	EndGlobalSection

EndGlobal
